{
    "name": "robinpath-engine",
    "version": "1.48.0",
    "lockfileVersion": 3,
    "requires": true,
    "packages": {
        "": {
            "name": "robinpath-engine",
            "version": "1.48.0",
            "dependencies": {
                "@wiredwp/robinpath": "^0.30.1"
            },
            "bin": {
                "robinpath": "cli-entry.js",
                "rp": "cli-entry.js"
            }
        },
        "node_modules/@wiredwp/robinpath": {
            "version": "0.30.1",
            "resolved": "https://registry.npmjs.org/@wiredwp/robinpath/-/robinpath-0.30.1.tgz",
            "integrity": "sha512-6zpOqTVBTH0mQ8IgxF8eAyXIAioA+UBHlz/IMjNZKcBrqksWElVE577qBr4Jb0WH+fxSr1mHL6IvKeDgOLvP8g==",
            "dependencies": {
                "json5": "^2.2.3"
            },
            "bin": {
                "robinpath": "bin/robinpath.js"
            }
        },
        "node_modules/json5": {
            "version": "2.2.3",
            "resolved": "https://registry.npmjs.org/json5/-/json5-2.2.3.tgz",
            "integrity": "sha512-XmOWe7eyHYH14cLdVPoyg+GOH3rYX++KpzrylJwSW98t3Nk+U8XOl8FWKOgwtzdb8lXGf6zYwDUzeHMWfxasyg==",
            "license": "MIT",
            "bin": {
                "json5": "lib/cli.js"
            },
            "engines": {
                "node": ">=6"
            }
        }
    }
}
